
Microsoft Visual Studio Solution File, Format Version 12.00
# Visual Studio Version 17
VisualStudioVersion = 17.2.32630.192
MinimumVisualStudioVersion = 10.0.40219.1
Project("{2150E333-8FDC-42A3-9474-1A3956D46DE8}") = "Solution Items", "Solution Items", "{E63B54A8-A5B2-4680-84E3-42969AF2EB63}"
	ProjectSection(SolutionItems) = preProject
		.editorconfig = .editorconfig
		Directory.Build.props = Directory.Build.props
		GlobalSuppressions.cs = GlobalSuppressions.cs
		..\README.md = ..\README.md
		SolutionInfo.cs = SolutionInfo.cs
		stylecop.json = stylecop.json
		TestCategories.cs = TestCategories.cs
	EndProjectSection
EndProject
Project("{2150E333-8FDC-42A3-9474-1A3956D46DE8}") = "Tests", "Tests", "{9AF2D6A1-4EC9-4756-AF6D-C69C62BD2F1C}"
EndProject
Project("{9A19103F-16F7-4668-BE54-9A1E7A4F7556}") = "Data", "Data\src\Data.csproj", "{F7AB3505-3957-4B0B-9142-09FC185A62BE}"
EndProject
Project("{9A19103F-16F7-4668-BE54-9A1E7A4F7556}") = "Data.Tests", "Data\tests\Data.Tests.csproj", "{50B90DE4-3FEE-4373-A6BB-DC2514489265}"
EndProject
Project("{9A19103F-16F7-4668-BE54-9A1E7A4F7556}") = "CardService.Tests", "CardService\tests\CardService.Tests.csproj", "{0520D57E-7706-40E5-9E2F-DA9AE9084CF9}"
EndProject
Project("{9A19103F-16F7-4668-BE54-9A1E7A4F7556}") = "TestTools", "TestTools\TestTools.csproj", "{B9D7FF31-B3E0-4427-A7CF-3A9E64109132}"
EndProject
Project("{9A19103F-16F7-4668-BE54-9A1E7A4F7556}") = "Recaptcha", "Recaptcha\src\Recaptcha.csproj", "{B225F232-6A0C-440B-9F7F-464DB5E57388}"
EndProject
Project("{9A19103F-16F7-4668-BE54-9A1E7A4F7556}") = "Recaptcha.Tests", "Recaptcha\tests\Recaptcha.Tests.csproj", "{F4467AD4-B10C-4FEA-AFAC-2F5F067B637E}"
EndProject
Project("{9A19103F-16F7-4668-BE54-9A1E7A4F7556}") = "Common", "Common\Common\src\Common.csproj", "{7E3C9942-0012-4EF1-8E0E-EF9F34CC2848}"
EndProject
Project("{9A19103F-16F7-4668-BE54-9A1E7A4F7556}") = "Common.Tests", "Common\Common\tests\Common.Tests.csproj", "{735076B5-BD6D-4AEA-AB6D-F48AB82132F8}"
EndProject
Project("{9A19103F-16F7-4668-BE54-9A1E7A4F7556}") = "Common.Service", "Common\Common.Service\src\Common.Service.csproj", "{F68447CA-4330-418B-981A-DB2595369D94}"
EndProject
Project("{9A19103F-16F7-4668-BE54-9A1E7A4F7556}") = "Common.Service.Tests", "Common\Common.Service\tests\Common.Service.Tests.csproj", "{4BE242EC-F3BD-4D9D-8BB1-355749620CE6}"
EndProject
Project("{9A19103F-16F7-4668-BE54-9A1E7A4F7556}") = "Email", "Email\src\Email.csproj", "{F2C38B80-94A1-459B-8C89-C81CA4E93703}"
EndProject
Project("{9A19103F-16F7-4668-BE54-9A1E7A4F7556}") = "Email.Tests", "Email\tests\Email.Tests.csproj", "{44DDEB7F-EFE6-4EB5-AA49-4461E0A82985}"
EndProject
Project("{9A19103F-16F7-4668-BE54-9A1E7A4F7556}") = "IdentityService", "IdentityService\src\IdentityService.csproj", "{3C3C2E79-9D64-4547-B24A-F0BCF4E838D8}"
EndProject
Project("{9A19103F-16F7-4668-BE54-9A1E7A4F7556}") = "IdentityService.Tests", "IdentityService\tests\IdentityService.Tests.csproj", "{3E217B6E-B897-4EFD-99E2-A35DC7BFEF08}"
EndProject
Project("{9A19103F-16F7-4668-BE54-9A1E7A4F7556}") = "Authentication", "Authentication\src\Authentication.csproj", "{DA85FF08-943F-45B0-95E8-2521A4309382}"
EndProject
Project("{9A19103F-16F7-4668-BE54-9A1E7A4F7556}") = "Authentication.Tests", "Authentication\tests\Authentication.Tests.csproj", "{561D1393-00D4-42F4-A0C3-8C31D56F8C40}"
EndProject
Project("{9A19103F-16F7-4668-BE54-9A1E7A4F7556}") = "Registration", "Registration\src\Registration.csproj", "{240D2466-E831-4A20-AFF6-C7EDE5EC5F4A}"
EndProject
Project("{9A19103F-16F7-4668-BE54-9A1E7A4F7556}") = "Registration.Tests", "Registration\tests\Registration.Tests.csproj", "{D6C84E4D-44FD-4645-9D5E-CACFCAC2B779}"
EndProject
Project("{9A19103F-16F7-4668-BE54-9A1E7A4F7556}") = "User", "User\src\User.csproj", "{0685E3F8-7AD9-4699-B7B4-61A07337DA38}"
EndProject
Project("{9A19103F-16F7-4668-BE54-9A1E7A4F7556}") = "User.Tests", "User\tests\User.Tests.csproj", "{BAD0C0F3-5ABD-43C2-A647-873E3EEB9113}"
EndProject
Project("{9A19103F-16F7-4668-BE54-9A1E7A4F7556}") = "Caching", "Caching\src\Caching.csproj", "{B9C5FFD5-B9B5-42F9-88FC-C06F13833515}"
EndProject
Project("{9A19103F-16F7-4668-BE54-9A1E7A4F7556}") = "Caching.Tests", "Caching\tests\Caching.Tests.csproj", "{2E389CDE-C4CB-4960-AE78-350167767E52}"
EndProject
Project("{9A19103F-16F7-4668-BE54-9A1E7A4F7556}") = "CardService", "CardService\src\CardService.csproj", "{BBC67AC5-1742-424B-B8C1-156AC8DD27C3}"
EndProject
Project("{9A19103F-16F7-4668-BE54-9A1E7A4F7556}") = "ContactService", "ContactService\src\ContactService.csproj", "{A496616F-082A-4C89-AEBB-2AA55C96EF65}"
EndProject
Project("{9A19103F-16F7-4668-BE54-9A1E7A4F7556}") = "Contact", "Contact\src\Contact.csproj", "{2F1EDC81-A612-45DC-9D4F-29CE2FD14AD7}"
EndProject
Project("{9A19103F-16F7-4668-BE54-9A1E7A4F7556}") = "Contact.Tests", "Contact\tests\Contact.Tests.csproj", "{A0A729DE-DC39-4A90-9A7B-4ECF94682827}"
EndProject
Project("{9A19103F-16F7-4668-BE54-9A1E7A4F7556}") = "ContactService.Tests", "ContactService\tests\ContactService.Tests.csproj", "{6B1DA3B6-FED6-4DF0-BEE3-50F5B2DC0A5F}"
EndProject
Project("{E53339B2-1760-4266-BCC7-CA923CBCF16C}") = "docker", "..\docker\docker.dcproj", "{8E20E0B7-2EF3-46D2-8274-078146D83915}"
EndProject
Global
	GlobalSection(SolutionConfigurationPlatforms) = preSolution
		Debug|Any CPU = Debug|Any CPU
		Release|Any CPU = Release|Any CPU
	EndGlobalSection
	GlobalSection(ProjectConfigurationPlatforms) = postSolution
		{F7AB3505-3957-4B0B-9142-09FC185A62BE}.Debug|Any CPU.ActiveCfg = Debug|Any CPU
		{F7AB3505-3957-4B0B-9142-09FC185A62BE}.Debug|Any CPU.Build.0 = Debug|Any CPU
		{F7AB3505-3957-4B0B-9142-09FC185A62BE}.Release|Any CPU.ActiveCfg = Release|Any CPU
		{F7AB3505-3957-4B0B-9142-09FC185A62BE}.Release|Any CPU.Build.0 = Release|Any CPU
		{50B90DE4-3FEE-4373-A6BB-DC2514489265}.Debug|Any CPU.ActiveCfg = Debug|Any CPU
		{50B90DE4-3FEE-4373-A6BB-DC2514489265}.Debug|Any CPU.Build.0 = Debug|Any CPU
		{50B90DE4-3FEE-4373-A6BB-DC2514489265}.Release|Any CPU.ActiveCfg = Release|Any CPU
		{50B90DE4-3FEE-4373-A6BB-DC2514489265}.Release|Any CPU.Build.0 = Release|Any CPU
		{0520D57E-7706-40E5-9E2F-DA9AE9084CF9}.Debug|Any CPU.ActiveCfg = Debug|Any CPU
		{0520D57E-7706-40E5-9E2F-DA9AE9084CF9}.Debug|Any CPU.Build.0 = Debug|Any CPU
		{0520D57E-7706-40E5-9E2F-DA9AE9084CF9}.Release|Any CPU.ActiveCfg = Release|Any CPU
		{0520D57E-7706-40E5-9E2F-DA9AE9084CF9}.Release|Any CPU.Build.0 = Release|Any CPU
		{B9D7FF31-B3E0-4427-A7CF-3A9E64109132}.Debug|Any CPU.ActiveCfg = Debug|Any CPU
		{B9D7FF31-B3E0-4427-A7CF-3A9E64109132}.Debug|Any CPU.Build.0 = Debug|Any CPU
		{B9D7FF31-B3E0-4427-A7CF-3A9E64109132}.Release|Any CPU.ActiveCfg = Release|Any CPU
		{B9D7FF31-B3E0-4427-A7CF-3A9E64109132}.Release|Any CPU.Build.0 = Release|Any CPU
		{B225F232-6A0C-440B-9F7F-464DB5E57388}.Debug|Any CPU.ActiveCfg = Debug|Any CPU
		{B225F232-6A0C-440B-9F7F-464DB5E57388}.Debug|Any CPU.Build.0 = Debug|Any CPU
		{B225F232-6A0C-440B-9F7F-464DB5E57388}.Release|Any CPU.ActiveCfg = Release|Any CPU
		{B225F232-6A0C-440B-9F7F-464DB5E57388}.Release|Any CPU.Build.0 = Release|Any CPU
		{F4467AD4-B10C-4FEA-AFAC-2F5F067B637E}.Debug|Any CPU.ActiveCfg = Debug|Any CPU
		{F4467AD4-B10C-4FEA-AFAC-2F5F067B637E}.Debug|Any CPU.Build.0 = Debug|Any CPU
		{F4467AD4-B10C-4FEA-AFAC-2F5F067B637E}.Release|Any CPU.ActiveCfg = Release|Any CPU
		{F4467AD4-B10C-4FEA-AFAC-2F5F067B637E}.Release|Any CPU.Build.0 = Release|Any CPU
		{7E3C9942-0012-4EF1-8E0E-EF9F34CC2848}.Debug|Any CPU.ActiveCfg = Debug|Any CPU
		{7E3C9942-0012-4EF1-8E0E-EF9F34CC2848}.Debug|Any CPU.Build.0 = Debug|Any CPU
		{7E3C9942-0012-4EF1-8E0E-EF9F34CC2848}.Release|Any CPU.ActiveCfg = Release|Any CPU
		{7E3C9942-0012-4EF1-8E0E-EF9F34CC2848}.Release|Any CPU.Build.0 = Release|Any CPU
		{735076B5-BD6D-4AEA-AB6D-F48AB82132F8}.Debug|Any CPU.ActiveCfg = Debug|Any CPU
		{735076B5-BD6D-4AEA-AB6D-F48AB82132F8}.Debug|Any CPU.Build.0 = Debug|Any CPU
		{735076B5-BD6D-4AEA-AB6D-F48AB82132F8}.Release|Any CPU.ActiveCfg = Release|Any CPU
		{735076B5-BD6D-4AEA-AB6D-F48AB82132F8}.Release|Any CPU.Build.0 = Release|Any CPU
		{F68447CA-4330-418B-981A-DB2595369D94}.Debug|Any CPU.ActiveCfg = Debug|Any CPU
		{F68447CA-4330-418B-981A-DB2595369D94}.Debug|Any CPU.Build.0 = Debug|Any CPU
		{F68447CA-4330-418B-981A-DB2595369D94}.Release|Any CPU.ActiveCfg = Release|Any CPU
		{F68447CA-4330-418B-981A-DB2595369D94}.Release|Any CPU.Build.0 = Release|Any CPU
		{4BE242EC-F3BD-4D9D-8BB1-355749620CE6}.Debug|Any CPU.ActiveCfg = Debug|Any CPU
		{4BE242EC-F3BD-4D9D-8BB1-355749620CE6}.Debug|Any CPU.Build.0 = Debug|Any CPU
		{4BE242EC-F3BD-4D9D-8BB1-355749620CE6}.Release|Any CPU.ActiveCfg = Release|Any CPU
		{4BE242EC-F3BD-4D9D-8BB1-355749620CE6}.Release|Any CPU.Build.0 = Release|Any CPU
		{F2C38B80-94A1-459B-8C89-C81CA4E93703}.Debug|Any CPU.ActiveCfg = Debug|Any CPU
		{F2C38B80-94A1-459B-8C89-C81CA4E93703}.Debug|Any CPU.Build.0 = Debug|Any CPU
		{F2C38B80-94A1-459B-8C89-C81CA4E93703}.Release|Any CPU.ActiveCfg = Release|Any CPU
		{F2C38B80-94A1-459B-8C89-C81CA4E93703}.Release|Any CPU.Build.0 = Release|Any CPU
		{44DDEB7F-EFE6-4EB5-AA49-4461E0A82985}.Debug|Any CPU.ActiveCfg = Debug|Any CPU
		{44DDEB7F-EFE6-4EB5-AA49-4461E0A82985}.Debug|Any CPU.Build.0 = Debug|Any CPU
		{44DDEB7F-EFE6-4EB5-AA49-4461E0A82985}.Release|Any CPU.ActiveCfg = Release|Any CPU
		{44DDEB7F-EFE6-4EB5-AA49-4461E0A82985}.Release|Any CPU.Build.0 = Release|Any CPU
		{3C3C2E79-9D64-4547-B24A-F0BCF4E838D8}.Debug|Any CPU.ActiveCfg = Debug|Any CPU
		{3C3C2E79-9D64-4547-B24A-F0BCF4E838D8}.Debug|Any CPU.Build.0 = Debug|Any CPU
		{3C3C2E79-9D64-4547-B24A-F0BCF4E838D8}.Release|Any CPU.ActiveCfg = Release|Any CPU
		{3C3C2E79-9D64-4547-B24A-F0BCF4E838D8}.Release|Any CPU.Build.0 = Release|Any CPU
		{3E217B6E-B897-4EFD-99E2-A35DC7BFEF08}.Debug|Any CPU.ActiveCfg = Debug|Any CPU
		{3E217B6E-B897-4EFD-99E2-A35DC7BFEF08}.Debug|Any CPU.Build.0 = Debug|Any CPU
		{3E217B6E-B897-4EFD-99E2-A35DC7BFEF08}.Release|Any CPU.ActiveCfg = Release|Any CPU
		{3E217B6E-B897-4EFD-99E2-A35DC7BFEF08}.Release|Any CPU.Build.0 = Release|Any CPU
		{DA85FF08-943F-45B0-95E8-2521A4309382}.Debug|Any CPU.ActiveCfg = Debug|Any CPU
		{DA85FF08-943F-45B0-95E8-2521A4309382}.Debug|Any CPU.Build.0 = Debug|Any CPU
		{DA85FF08-943F-45B0-95E8-2521A4309382}.Release|Any CPU.ActiveCfg = Release|Any CPU
		{DA85FF08-943F-45B0-95E8-2521A4309382}.Release|Any CPU.Build.0 = Release|Any CPU
		{561D1393-00D4-42F4-A0C3-8C31D56F8C40}.Debug|Any CPU.ActiveCfg = Debug|Any CPU
		{561D1393-00D4-42F4-A0C3-8C31D56F8C40}.Debug|Any CPU.Build.0 = Debug|Any CPU
		{561D1393-00D4-42F4-A0C3-8C31D56F8C40}.Release|Any CPU.ActiveCfg = Release|Any CPU
		{561D1393-00D4-42F4-A0C3-8C31D56F8C40}.Release|Any CPU.Build.0 = Release|Any CPU
		{240D2466-E831-4A20-AFF6-C7EDE5EC5F4A}.Debug|Any CPU.ActiveCfg = Debug|Any CPU
		{240D2466-E831-4A20-AFF6-C7EDE5EC5F4A}.Debug|Any CPU.Build.0 = Debug|Any CPU
		{240D2466-E831-4A20-AFF6-C7EDE5EC5F4A}.Release|Any CPU.ActiveCfg = Release|Any CPU
		{240D2466-E831-4A20-AFF6-C7EDE5EC5F4A}.Release|Any CPU.Build.0 = Release|Any CPU
		{D6C84E4D-44FD-4645-9D5E-CACFCAC2B779}.Debug|Any CPU.ActiveCfg = Debug|Any CPU
		{D6C84E4D-44FD-4645-9D5E-CACFCAC2B779}.Debug|Any CPU.Build.0 = Debug|Any CPU
		{D6C84E4D-44FD-4645-9D5E-CACFCAC2B779}.Release|Any CPU.ActiveCfg = Release|Any CPU
		{D6C84E4D-44FD-4645-9D5E-CACFCAC2B779}.Release|Any CPU.Build.0 = Release|Any CPU
		{0685E3F8-7AD9-4699-B7B4-61A07337DA38}.Debug|Any CPU.ActiveCfg = Debug|Any CPU
		{0685E3F8-7AD9-4699-B7B4-61A07337DA38}.Debug|Any CPU.Build.0 = Debug|Any CPU
		{0685E3F8-7AD9-4699-B7B4-61A07337DA38}.Release|Any CPU.ActiveCfg = Release|Any CPU
		{0685E3F8-7AD9-4699-B7B4-61A07337DA38}.Release|Any CPU.Build.0 = Release|Any CPU
		{BAD0C0F3-5ABD-43C2-A647-873E3EEB9113}.Debug|Any CPU.ActiveCfg = Debug|Any CPU
		{BAD0C0F3-5ABD-43C2-A647-873E3EEB9113}.Debug|Any CPU.Build.0 = Debug|Any CPU
		{BAD0C0F3-5ABD-43C2-A647-873E3EEB9113}.Release|Any CPU.ActiveCfg = Release|Any CPU
		{BAD0C0F3-5ABD-43C2-A647-873E3EEB9113}.Release|Any CPU.Build.0 = Release|Any CPU
		{B9C5FFD5-B9B5-42F9-88FC-C06F13833515}.Debug|Any CPU.ActiveCfg = Debug|Any CPU
		{B9C5FFD5-B9B5-42F9-88FC-C06F13833515}.Debug|Any CPU.Build.0 = Debug|Any CPU
		{B9C5FFD5-B9B5-42F9-88FC-C06F13833515}.Release|Any CPU.ActiveCfg = Release|Any CPU
		{B9C5FFD5-B9B5-42F9-88FC-C06F13833515}.Release|Any CPU.Build.0 = Release|Any CPU
		{2E389CDE-C4CB-4960-AE78-350167767E52}.Debug|Any CPU.ActiveCfg = Debug|Any CPU
		{2E389CDE-C4CB-4960-AE78-350167767E52}.Debug|Any CPU.Build.0 = Debug|Any CPU
		{2E389CDE-C4CB-4960-AE78-350167767E52}.Release|Any CPU.ActiveCfg = Release|Any CPU
		{2E389CDE-C4CB-4960-AE78-350167767E52}.Release|Any CPU.Build.0 = Release|Any CPU
		{BBC67AC5-1742-424B-B8C1-156AC8DD27C3}.Debug|Any CPU.ActiveCfg = Debug|Any CPU
		{BBC67AC5-1742-424B-B8C1-156AC8DD27C3}.Debug|Any CPU.Build.0 = Debug|Any CPU
		{BBC67AC5-1742-424B-B8C1-156AC8DD27C3}.Release|Any CPU.ActiveCfg = Release|Any CPU
		{BBC67AC5-1742-424B-B8C1-156AC8DD27C3}.Release|Any CPU.Build.0 = Release|Any CPU
		{A496616F-082A-4C89-AEBB-2AA55C96EF65}.Debug|Any CPU.ActiveCfg = Debug|Any CPU
		{A496616F-082A-4C89-AEBB-2AA55C96EF65}.Debug|Any CPU.Build.0 = Debug|Any CPU
		{A496616F-082A-4C89-AEBB-2AA55C96EF65}.Release|Any CPU.ActiveCfg = Release|Any CPU
		{A496616F-082A-4C89-AEBB-2AA55C96EF65}.Release|Any CPU.Build.0 = Release|Any CPU
		{2F1EDC81-A612-45DC-9D4F-29CE2FD14AD7}.Debug|Any CPU.ActiveCfg = Debug|Any CPU
		{2F1EDC81-A612-45DC-9D4F-29CE2FD14AD7}.Debug|Any CPU.Build.0 = Debug|Any CPU
		{2F1EDC81-A612-45DC-9D4F-29CE2FD14AD7}.Release|Any CPU.ActiveCfg = Release|Any CPU
		{2F1EDC81-A612-45DC-9D4F-29CE2FD14AD7}.Release|Any CPU.Build.0 = Release|Any CPU
		{A0A729DE-DC39-4A90-9A7B-4ECF94682827}.Debug|Any CPU.ActiveCfg = Debug|Any CPU
		{A0A729DE-DC39-4A90-9A7B-4ECF94682827}.Debug|Any CPU.Build.0 = Debug|Any CPU
		{A0A729DE-DC39-4A90-9A7B-4ECF94682827}.Release|Any CPU.ActiveCfg = Release|Any CPU
		{A0A729DE-DC39-4A90-9A7B-4ECF94682827}.Release|Any CPU.Build.0 = Release|Any CPU
		{6B1DA3B6-FED6-4DF0-BEE3-50F5B2DC0A5F}.Debug|Any CPU.ActiveCfg = Debug|Any CPU
		{6B1DA3B6-FED6-4DF0-BEE3-50F5B2DC0A5F}.Debug|Any CPU.Build.0 = Debug|Any CPU
		{6B1DA3B6-FED6-4DF0-BEE3-50F5B2DC0A5F}.Release|Any CPU.ActiveCfg = Release|Any CPU
		{6B1DA3B6-FED6-4DF0-BEE3-50F5B2DC0A5F}.Release|Any CPU.Build.0 = Release|Any CPU
		{8E20E0B7-2EF3-46D2-8274-078146D83915}.Debug|Any CPU.ActiveCfg = Debug|Any CPU
		{8E20E0B7-2EF3-46D2-8274-078146D83915}.Debug|Any CPU.Build.0 = Debug|Any CPU
		{8E20E0B7-2EF3-46D2-8274-078146D83915}.Release|Any CPU.ActiveCfg = Release|Any CPU
		{8E20E0B7-2EF3-46D2-8274-078146D83915}.Release|Any CPU.Build.0 = Release|Any CPU
	EndGlobalSection
	GlobalSection(SolutionProperties) = preSolution
		HideSolutionNode = FALSE
	EndGlobalSection
	GlobalSection(NestedProjects) = preSolution
		{50B90DE4-3FEE-4373-A6BB-DC2514489265} = {9AF2D6A1-4EC9-4756-AF6D-C69C62BD2F1C}
		{0520D57E-7706-40E5-9E2F-DA9AE9084CF9} = {9AF2D6A1-4EC9-4756-AF6D-C69C62BD2F1C}
		{B9D7FF31-B3E0-4427-A7CF-3A9E64109132} = {9AF2D6A1-4EC9-4756-AF6D-C69C62BD2F1C}
		{F4467AD4-B10C-4FEA-AFAC-2F5F067B637E} = {9AF2D6A1-4EC9-4756-AF6D-C69C62BD2F1C}
		{735076B5-BD6D-4AEA-AB6D-F48AB82132F8} = {9AF2D6A1-4EC9-4756-AF6D-C69C62BD2F1C}
		{4BE242EC-F3BD-4D9D-8BB1-355749620CE6} = {9AF2D6A1-4EC9-4756-AF6D-C69C62BD2F1C}
		{44DDEB7F-EFE6-4EB5-AA49-4461E0A82985} = {9AF2D6A1-4EC9-4756-AF6D-C69C62BD2F1C}
		{3E217B6E-B897-4EFD-99E2-A35DC7BFEF08} = {9AF2D6A1-4EC9-4756-AF6D-C69C62BD2F1C}
		{561D1393-00D4-42F4-A0C3-8C31D56F8C40} = {9AF2D6A1-4EC9-4756-AF6D-C69C62BD2F1C}
		{D6C84E4D-44FD-4645-9D5E-CACFCAC2B779} = {9AF2D6A1-4EC9-4756-AF6D-C69C62BD2F1C}
		{BAD0C0F3-5ABD-43C2-A647-873E3EEB9113} = {9AF2D6A1-4EC9-4756-AF6D-C69C62BD2F1C}
		{2E389CDE-C4CB-4960-AE78-350167767E52} = {9AF2D6A1-4EC9-4756-AF6D-C69C62BD2F1C}
		{A0A729DE-DC39-4A90-9A7B-4ECF94682827} = {9AF2D6A1-4EC9-4756-AF6D-C69C62BD2F1C}
		{6B1DA3B6-FED6-4DF0-BEE3-50F5B2DC0A5F} = {9AF2D6A1-4EC9-4756-AF6D-C69C62BD2F1C}
	EndGlobalSection
	GlobalSection(ExtensibilityGlobals) = postSolution
		SolutionGuid = {A85A0DDA-7E44-491D-8223-BD2DF8E0E385}
	EndGlobalSection
EndGlobal
